
Microsoft Visual Studio Solution File, Format Version 12.00
# Visual Studio Version 17
VisualStudioVersion = 17.14.36511.14 d17.14
MinimumVisualStudioVersion = 10.0.40219.1
Project("{FAE04EC0-301F-11D3-BF4B-00C04F79EFBC}") = "freq-sage", "freq-sage.csproj", "{620B7385-B9C4-4EA2-B3C5-0D61A1698A40}"
EndProject
Global
	GlobalSection(SolutionConfigurationPlatforms) = preSolution
		Debug|Any CPU = Debug|Any CPU
		Release|Any CPU = Release|Any CPU
	EndGlobalSection
	GlobalSection(ProjectConfigurationPlatforms) = postSolution
		{620B7385-B9C4-4EA2-B3C5-0D61A1698A40}.Debug|Any CPU.ActiveCfg = Debug|Any CPU
		{620B7385-B9C4-4EA2-B3C5-0D61A1698A40}.Debug|Any CPU.Build.0 = Debug|Any CPU
		{620B7385-B9C4-4EA2-B3C5-0D61A1698A40}.Release|Any CPU.ActiveCfg = Release|Any CPU
		{620B7385-B9C4-4EA2-B3C5-0D61A1698A40}.Release|Any CPU.Build.0 = Release|Any CPU
	EndGlobalSection
	GlobalSection(SolutionProperties) = preSolution
		HideSolutionNode = FALSE
	EndGlobalSection
	GlobalSection(ExtensibilityGlobals) = postSolution
		SolutionGuid = {59771C75-2273-48FD-989F-43AC3E1A1D8E}
	EndGlobalSection
EndGlobal
